{
  "name": "finhelp",
  "requires": true,
  "lockfileVersion": 1,
  "dependencies": {
    "bootbox": {
      "version": "6.0.0",
      "resolved": "https://registry.npmjs.org/bootbox/-/bootbox-6.0.0.tgz",
      "integrity": "sha512-+Calbj1v5UvxAXXDAHfoBlsx63Hcz1JqHaZdJ5EjIcOlkyAbZLCreVScx0Em6ZUvsMCqynuz/3nGDyd9FtFrNQ=="
    },
    "bootstrap4-notify": {
      "version": "4.0.3",
      "resolved": "https://registry.npmjs.org/bootstrap4-notify/-/bootstrap4-notify-4.0.3.tgz",
      "integrity": "sha512-WopJYixeH22gbGswC57pLODS5sY9grNlb/Uu7C8mrWm1NRxz64n4FrfCILaOX3n4egoZ54J7kGB6Anl5AiZSqA=="
    }
  }
}
