# THIS IS AN AUTOGENERATED FILE. DO NOT EDIT THIS FILE DIRECTLY.
# yarn lockfile v1


bootstrap4-notify@^4.0.3:
  version "4.0.3"
  resolved "https://registry.yarnpkg.com/bootstrap4-notify/-/bootstrap4-notify-4.0.3.tgz#9a99ac8c7ab8e9d96196b30e341876ffdaa3c65b"
  integrity sha512-WopJYixeH22gbGswC57pLODS5sY9grNlb/Uu7C8mrWm1NRxz64n4FrfCILaOX3n4egoZ54J7kGB6Anl5AiZSqA==
